
Microsoft Visual Studio Solution File, Format Version 12.00
# Visual Studio Version 17
VisualStudioVersion = 17.10.35027.167
MinimumVisualStudioVersion = 10.0.40219.1
Project("{FAE04EC0-301F-11D3-BF4B-00C04F79EFBC}") = "ffxiv-weather-data", "ffxiv-weather-data.csproj", "{119CC124-A4D2-4305-9B3D-20F6AF53A1E3}"
EndProject
Global
	GlobalSection(SolutionConfigurationPlatforms) = preSolution
		Debug|Any CPU = Debug|Any CPU
		Release|Any CPU = Release|Any CPU
	EndGlobalSection
	GlobalSection(ProjectConfigurationPlatforms) = postSolution
		{119CC124-A4D2-4305-9B3D-20F6AF53A1E3}.Debug|Any CPU.ActiveCfg = Debug|Any CPU
		{119CC124-A4D2-4305-9B3D-20F6AF53A1E3}.Debug|Any CPU.Build.0 = Debug|Any CPU
		{119CC124-A4D2-4305-9B3D-20F6AF53A1E3}.Release|Any CPU.ActiveCfg = Release|Any CPU
		{119CC124-A4D2-4305-9B3D-20F6AF53A1E3}.Release|Any CPU.Build.0 = Release|Any CPU
	EndGlobalSection
	GlobalSection(SolutionProperties) = preSolution
		HideSolutionNode = FALSE
	EndGlobalSection
	GlobalSection(ExtensibilityGlobals) = postSolution
		SolutionGuid = {A38D0C6D-097A-4280-8327-0EF25A294426}
	EndGlobalSection
EndGlobal
